{
  "name": "to-do_listapp",
  "version": "1.0.0",
  "lockfileVersion": 3,
  "requires": true,
  "packages": {
    "": {
      "name": "to-do_listapp",
      "version": "1.0.0",
      "license": "MIT",
      "dependencies": {
        "@materializecss/materialize": "^2.2.1",
        "normalize.css": "^8.0.1"
      }
    },
    "node_modules/@materializecss/materialize": {
      "version": "2.2.1",
      "resolved": "https://registry.npmjs.org/@materializecss/materialize/-/materialize-2.2.1.tgz",
      "integrity": "sha512-mnuWqs32Zli7aZ0jLBV/DbDx48dBN84oLCmIXZEhRsWZ7zfs9BKCG5Bp3YE1QL37/v86rHovz0kHaNObiQcGmw==",
      "funding": [
        {
          "type": "github",
          "url": "https://github.com/sponsors/materializecss"
        },
        {
          "type": "opencollective",
          "url": "https://opencollective.com/materialize"
        }
      ],
      "license": "MIT"
    },
    "node_modules/normalize.css": {
      "version": "8.0.1",
      "resolved": "https://registry.npmjs.org/normalize.css/-/normalize.css-8.0.1.tgz",
      "integrity": "sha512-qizSNPO93t1YUuUhP22btGOo3chcvDFqFaj2TRybP0DMxkHOCTYwp3n34fel4a31ORXy4m1Xq0Gyqpb5m33qIg==",
      "license": "MIT"
    }
  }
}
